// !$*UTF8*$!
{
	archiveVersion = 1;
	classes = {
	};
	objectVersion = 77;
	objects = {

/* Begin PBXContainerItemProxy section */
		1FF063842CF9AA8400E6986D /* PBXContainerItemProxy */ = {
			isa = PBXContainerItemProxy;
			containerPortal = 1FF0636B2CF9AA8300E6986D /* Project object */;
			proxyType = 1;
			remoteGlobalIDString = 1FF063722CF9AA8300E6986D;
			remoteInfo = Application_001;
		};
		1FF0638E2CF9AA8400E6986D /* PBXContainerItemProxy */ = {
			isa = PBXContainerItemProxy;
			containerPortal = 1FF0636B2CF9AA8300E6986D /* Project object */;
			proxyType = 1;
			remoteGlobalIDString = 1FF063722CF9AA8300E6986D;
			remoteInfo = Application_001;
		};
/* End PBXContainerItemProxy section */

/* Begin PBXFileReference section */
		1FF063732CF9AA8300E6986D /* Application_001.app */ = {isa = PBXFileReference; explicitFileType = wrapper.application; includeInIndex = 0; path = Application_001.app; sourceTree = BUILT_PRODUCTS_DIR; };
		1FF063832CF9AA8400E6986D /* Application_001Tests.xctest */ = {isa = PBXFileReference; explicitFileType = wrapper.cfbundle; includeInIndex = 0; path = Application_001Tests.xctest; sourceTree = BUILT_PRODUCTS_DIR; };
		1FF0638D2CF9AA8400E6986D /* Application_001UITests.xctest */ = {isa = PBXFileReference; explicitFileType = wrapper.cfbundle; includeInIndex = 0; path = Application_001UITests.xctest; sourceTree = BUILT_PRODUCTS_DIR; };
/* End PBXFileReference section */

/* Begin PBXFileSystemSynchronizedRootGroup section */
		1FF063752CF9AA8300E6986D /* Application_001 */ = {
			isa = PBXFileSystemSynchronizedRootGroup;
			path = Application_001;
			sourceTree = "<group>";
		};
		1FF063862CF9AA8400E6986D /* Application_001Tests */ = {
			isa = PBXFileSystemSynchronizedRootGroup;
			path = Application_001Tests;
			sourceTree = "<group>";
		};
		1FF063902CF9AA8400E6986D /* Application_001UITests */ = {
			isa = PBXFileSystemSynchronizedRootGroup;
			path = Application_001UITests;
			sourceTree = "<group>";
		};
/* End PBXFileSystemSynchronizedRootGroup section */

/* Begin PBXFrameworksBuildPhase section */
		1FF063702CF9AA8300E6986D /* Frameworks */ = {
			isa = PBXFrameworksBuildPhase;
			buildActionMask = 2147483647;
			files = (
			);
			runOnlyForDeploymentPostprocessing = 0;
		};
		1FF063802CF9AA8400E6986D /* Frameworks */ = {
			isa = PBXFrameworksBuildPhase;
			buildActionMask = 2147483647;
			files = (
			);
			runOnlyForDeploymentPostprocessing = 0;
		};
		1FF0638A2CF9AA8400E6986D /* Frameworks */ = {
			isa = PBXFrameworksBuildPhase;
			buildActionMask = 2147483647;
			files = (
			);
			runOnlyForDeploymentPostprocessing = 0;
		};
/* End PBXFrameworksBuildPhase section */

/* Begin PBXGroup section */
		1FF0636A2CF9AA8300E6986D = {
			isa = PBXGroup;
			children = (
				1FF063752CF9AA8300E6986D /* Application_001 */,
				1FF063862CF9AA8400E6986D /* Application_001Tests */,
				1FF063902CF9AA8400E6986D /* Application_001UITests */,
				1FF063742CF9AA8300E6986D /* Products */,
			);
			sourceTree = "<group>";
		};
		1FF063742CF9AA8300E6986D /* Products */ = {
			isa = PBXGroup;
			children = (
				1FF063732CF9AA8300E6986D /* Application_001.app */,
				1FF063832CF9AA8400E6986D /* Application_001Tests.xctest */,
				1FF0638D2CF9AA8400E6986D /* Application_001UITests.xctest */,
			);
			name = Products;
			sourceTree = "<group>";
		};
/* End PBXGroup section */

/* Begin PBXNativeTarget section */
		1FF063722CF9AA8300E6986D /* Application_001 */ = {
			isa = PBXNativeTarget;
			buildConfigurationList = 1FF063972CF9AA8500E6986D /* Build configuration list for PBXNativeTarget "Application_001" */;
			buildPhases = (
				1FF0636F2CF9AA8300E6986D /* Sources */,
				1FF063702CF9AA8300E6986D /* Frameworks */,
				1FF063712CF9AA8300E6986D /* Resources */,
			);
			buildRules = (
			);
			dependencies = (
			);
			fileSystemSynchronizedGroups = (
				1FF063752CF9AA8300E6986D /* Application_001 */,
			);
			name = Application_001;
			packageProductDependencies = (
			);
			productName = Application_001;
			productReference = 1FF063732CF9AA8300E6986D /* Application_001.app */;
			productType = "com.apple.product-type.application";
		};
		1FF063822CF9AA8400E6986D /* Application_001Tests */ = {
			isa = PBXNativeTarget;
			buildConfigurationList = 1FF0639A2CF9AA8500E6986D /* Build configuration list for PBXNativeTarget "Application_001Tests" */;
			buildPhases = (
				1FF0637F2CF9AA8400E6986D /* Sources */,
				1FF063802CF9AA8400E6986D /* Frameworks */,
				1FF063812CF9AA8400E6986D /* Resources */,
			);
			buildRules = (
			);
			dependencies = (
				1FF063852CF9AA8400E6986D /* PBXTargetDependency */,
			);
			fileSystemSynchronizedGroups = (
				1FF063862CF9AA8400E6986D /* Application_001Tests */,
			);
			name = Application_001Tests;
			packageProductDependencies = (
			);
			productName = Application_001Tests;
			productReference = 1FF063832CF9AA8400E6986D /* Application_001Tests.xctest */;
			productType = "com.apple.product-type.bundle.unit-test";
		};
		1FF0638C2CF9AA8400E6986D /* Application_001UITests */ = {
			isa = PBXNativeTarget;
			buildConfigurationList = 1FF0639D2CF9AA8500E6986D /* Build configuration list for PBXNativeTarget "Application_001UITests" */;
			buildPhases = (
				1FF063892CF9AA8400E6986D /* Sources */,
				1FF0638A2CF9AA8400E6986D /* Frameworks */,
				1FF0638B2CF9AA8400E6986D /* Resources */,
			);
			buildRules = (
			);
			dependencies = (
				1FF0638F2CF9AA8400E6986D /* PBXTargetDependency */,
			);
			fileSystemSynchronizedGroups = (
				1FF063902CF9AA8400E6986D /* Application_001UITests */,
			);
			name = Application_001UITests;
			packageProductDependencies = (
			);
			productName = Application_001UITests;
			productReference = 1FF0638D2CF9AA8400E6986D /* Application_001UITests.xctest */;
			productType = "com.apple.product-type.bundle.ui-testing";
		};
/* End PBXNativeTarget section */

/* Begin PBXProject section */
		1FF0636B2CF9AA8300E6986D /* Project object */ = {
			isa = PBXProject;
			attributes = {
				BuildIndependentTargetsInParallel = 1;
				LastSwiftUpdateCheck = 1610;
				LastUpgradeCheck = 1610;
				TargetAttributes = {
					1FF063722CF9AA8300E6986D = {
						CreatedOnToolsVersion = 16.1;
					};
					1FF063822CF9AA8400E6986D = {
						CreatedOnToolsVersion = 16.1;
						TestTargetID = 1FF063722CF9AA8300E6986D;
					};
					1FF0638C2CF9AA8400E6986D = {
						CreatedOnToolsVersion = 16.1;
						TestTargetID = 1FF063722CF9AA8300E6986D;
					};
				};
			};
			buildConfigurationList = 1FF0636E2CF9AA8300E6986D /* Build configuration list for PBXProject "Application_001" */;
			developmentRegion = en;
			hasScannedForEncodings = 0;
			knownRegions = (
				en,
				Base,
			);
			mainGroup = 1FF0636A2CF9AA8300E6986D;
			minimizedProjectReferenceProxies = 1;
			preferredProjectObjectVersion = 77;
			productRefGroup = 1FF063742CF9AA8300E6986D /* Products */;
			projectDirPath = "";
			projectRoot = "";
			targets = (
				1FF063722CF9AA8300E6986D /* Application_001 */,
				1FF063822CF9AA8400E6986D /* Application_001Tests */,
				1FF0638C2CF9AA8400E6986D /* Application_001UITests */,
			);
		};
/* End PBXProject section */

/* Begin PBXResourcesBuildPhase section */
		1FF063712CF9AA8300E6986D /* Resources */ = {
			isa = PBXResourcesBuildPhase;
			buildActionMask = 2147483647;
			files = (
			);
			runOnlyForDeploymentPostprocessing = 0;
		};
		1FF063812CF9AA8400E6986D /* Resources */ = {
			isa = PBXResourcesBuildPhase;
			buildActionMask = 2147483647;
			files = (
			);
			runOnlyForDeploymentPostprocessing = 0;
		};
		1FF0638B2CF9AA8400E6986D /* Resources */ = {
			isa = PBXResourcesBuildPhase;
			buildActionMask = 2147483647;
			files = (
			);
			runOnlyForDeploymentPostprocessing = 0;
		};
/* End PBXResourcesBuildPhase section */

/* Begin PBXSourcesBuildPhase section */
		1FF0636F2CF9AA8300E6986D /* Sources */ = {
			isa = PBXSourcesBuildPhase;
			buildActionMask = 2147483647;
			files = (
			);
			runOnlyForDeploymentPostprocessing = 0;
		};
		1FF0637F2CF9AA8400E6986D /* Sources */ = {
			isa = PBXSourcesBuildPhase;
			buildActionMask = 2147483647;
			files = (
			);
			runOnlyForDeploymentPostprocessing = 0;
		};
		1FF063892CF9AA8400E6986D /* Sources */ = {
			isa = PBXSourcesBuildPhase;
			buildActionMask = 2147483647;
			files = (
			);
			runOnlyForDeploymentPostprocessing = 0;
		};
/* End PBXSourcesBuildPhase section */

/* Begin PBXTargetDependency section */
		1FF063852CF9AA8400E6986D /* PBXTargetDependency */ = {
			isa = PBXTargetDependency;
			target = 1FF063722CF9AA8300E6986D /* Application_001 */;
			targetProxy = 1FF063842CF9AA8400E6986D /* PBXContainerItemProxy */;
		};
		1FF0638F2CF9AA8400E6986D /* PBXTargetDependency */ = {
			isa = PBXTargetDependency;
			target = 1FF063722CF9AA8300E6986D /* Application_001 */;
			targetProxy = 1FF0638E2CF9AA8400E6986D /* PBXContainerItemProxy */;
		};
/* End PBXTargetDependency section */

/* Begin XCBuildConfiguration section */
		1FF063952CF9AA8500E6986D /* Debug */ = {
			isa = XCBuildConfiguration;
			buildSettings = {
				ALWAYS_SEARCH_USER_PATHS = NO;
				ASSETCATALOG_COMPILER_GENERATE_SWIFT_ASSET_SYMBOL_EXTENSIONS = YES;
				CLANG_ANALYZER_NONNULL = YES;
				CLANG_ANALYZER_NUMBER_OBJECT_CONVERSION = YES_AGGRESSIVE;
				CLANG_CXX_LANGUAGE_STANDARD = "gnu++20";
				CLANG_ENABLE_MODULES = YES;
				CLANG_ENABLE_OBJC_ARC = YES;
				CLANG_ENABLE_OBJC_WEAK = YES;
				CLANG_WARN_BLOCK_CAPTURE_AUTORELEASING = YES;
				CLANG_WARN_BOOL_CONVERSION = YES;
				CLANG_WARN_COMMA = YES;
				CLANG_WARN_CONSTANT_CONVERSION = YES;
				CLANG_WARN_DEPRECATED_OBJC_IMPLEMENTATIONS = YES;
				CLANG_WARN_DIRECT_OBJC_ISA_USAGE = YES_ERROR;
				CLANG_WARN_DOCUMENTATION_COMMENTS = YES;
				CLANG_WARN_EMPTY_BODY = YES;
				CLANG_WARN_ENUM_CONVERSION = YES;
				CLANG_WARN_INFINITE_RECURSION = YES;
				CLANG_WARN_INT_CONVERSION = YES;
				CLANG_WARN_NON_LITERAL_NULL_CONVERSION = YES;
				CLANG_WARN_OBJC_IMPLICIT_RETAIN_SELF = YES;
				CLANG_WARN_OBJC_LITERAL_CONVERSION = YES;
				CLANG_WARN_OBJC_ROOT_CLASS = YES_ERROR;
				CLANG_WARN_QUOTED_INCLUDE_IN_FRAMEWORK_HEADER = YES;
				CLANG_WARN_RANGE_LOOP_ANALYSIS = YES;
				CLANG_WARN_STRICT_PROTOTYPES = YES;
				CLANG_WARN_SUSPICIOUS_MOVE = YES;
				CLANG_WARN_UNGUARDED_AVAILABILITY = YES_AGGRESSIVE;
				CLANG_WARN_UNREACHABLE_CODE = YES;
				CLANG_WARN__DUPLICATE_METHOD_MATCH = YES;
				COPY_PHASE_STRIP = NO;
				DEBUG_INFORMATION_FORMAT = dwarf;
				ENABLE_STRICT_OBJC_MSGSEND = YES;
				ENABLE_TESTABILITY = YES;
				ENABLE_USER_SCRIPT_SANDBOXING = YES;
				GCC_C_LANGUAGE_STANDARD = gnu17;
				GCC_DYNAMIC_NO_PIC = NO;
				GCC_NO_COMMON_BLOCKS = YES;
				GCC_OPTIMIZATION_LEVEL = 0;
				GCC_PREPROCESSOR_DEFINITIONS = (
					"DEBUG=1",
					"$(inherited)",
				);
				GCC_WARN_64_TO_32_BIT_CONVERSION = YES;
				GCC_WARN_ABOUT_RETURN_TYPE = YES_ERROR;
				GCC_WARN_UNDECLARED_SELECTOR = YES;
				GCC_WARN_UNINITIALIZED_AUTOS = YES_AGGRESSIVE;
				GCC_WARN_UNUSED_FUNCTION = YES;
				GCC_WARN_UNUSED_VARIABLE = YES;
				IPHONEOS_DEPLOYMENT_TARGET = 18.1;
				LOCALIZATION_PREFERS_STRING_CATALOGS = YES;
				MTL_ENABLE_DEBUG_INFO = INCLUDE_SOURCE;
				MTL_FAST_MATH = YES;
				ONLY_ACTIVE_ARCH = YES;
				SDKROOT = iphoneos;
				SWIFT_ACTIVE_COMPILATION_CONDITIONS = "DEBUG $(inherited)";
				SWIFT_OPTIMIZATION_LEVEL = "-Onone";
			};
			name = Debug;
		};
		1FF063962CF9AA8500E6986D /* Release */ = {
			isa = XCBuildConfiguration;
			buildSettings = {
				ALWAYS_SEARCH_USER_PATHS = NO;
				ASSETCATALOG_COMPILER_GENERATE_SWIFT_ASSET_SYMBOL_EXTENSIONS = YES;
				CLANG_ANALYZER_NONNULL = YES;
				CLANG_ANALYZER_NUMBER_OBJECT_CONVERSION = YES_AGGRESSIVE;
				CLANG_CXX_LANGUAGE_STANDARD = "gnu++20";
				CLANG_ENABLE_MODULES = YES;
				CLANG_ENABLE_OBJC_ARC = YES;
				CLANG_ENABLE_OBJC_WEAK = YES;
				CLANG_WARN_BLOCK_CAPTURE_AUTORELEASING = YES;
				CLANG_WARN_BOOL_CONVERSION = YES;
				CLANG_WARN_COMMA = YES;
				CLANG_WARN_CONSTANT_CONVERSION = YES;
				CLANG_WARN_DEPRECATED_OBJC_IMPLEMENTATIONS = YES;
				CLANG_WARN_DIRECT_OBJC_ISA_USAGE = YES_ERROR;
				CLANG_WARN_DOCUMENTATION_COMMENTS = YES;
				CLANG_WARN_EMPTY_BODY = YES;
				CLANG_WARN_ENUM_CONVERSION = YES;
				CLANG_WARN_INFINITE_RECURSION = YES;
				CLANG_WARN_INT_CONVERSION = YES;
				CLANG_WARN_NON_LITERAL_NULL_CONVERSION = YES;
				CLANG_WARN_OBJC_IMPLICIT_RETAIN_SELF = YES;
				CLANG_WARN_OBJC_LITERAL_CONVERSION = YES;
				CLANG_WARN_OBJC_ROOT_CLASS = YES_ERROR;
				CLANG_WARN_QUOTED_INCLUDE_IN_FRAMEWORK_HEADER = YES;
				CLANG_WARN_RANGE_LOOP_ANALYSIS = YES;
				CLANG_WARN_STRICT_PROTOTYPES = YES;
				CLANG_WARN_SUSPICIOUS_MOVE = YES;
				CLANG_WARN_UNGUARDED_AVAILABILITY = YES_AGGRESSIVE;
				CLANG_WARN_UNREACHABLE_CODE = YES;
				CLANG_WARN__DUPLICATE_METHOD_MATCH = YES;
				COPY_PHASE_STRIP = NO;
				DEBUG_INFORMATION_FORMAT = "dwarf-with-dsym";
				ENABLE_NS_ASSERTIONS = NO;
				ENABLE_STRICT_OBJC_MSGSEND = YES;
				ENABLE_USER_SCRIPT_SANDBOXING = YES;
				GCC_C_LANGUAGE_STANDARD = gnu17;
				GCC_NO_COMMON_BLOCKS = YES;
				GCC_WARN_64_TO_32_BIT_CONVERSION = YES;
				GCC_WARN_ABOUT_RETURN_TYPE = YES_ERROR;
				GCC_WARN_UNDECLARED_SELECTOR = YES;
				GCC_WARN_UNINITIALIZED_AUTOS = YES_AGGRESSIVE;
				GCC_WARN_UNUSED_FUNCTION = YES;
				GCC_WARN_UNUSED_VARIABLE = YES;
				IPHONEOS_DEPLOYMENT_TARGET = 18.1;
				LOCALIZATION_PREFERS_STRING_CATALOGS = YES;
				MTL_ENABLE_DEBUG_INFO = NO;
				MTL_FAST_MATH = YES;
				SDKROOT = iphoneos;
				SWIFT_COMPILATION_MODE = wholemodule;
				VALIDATE_PRODUCT = YES;
			};
			name = Release;
		};
		1FF063982CF9AA8500E6986D /* Debug */ = {
			isa = XCBuildConfiguration;
			buildSettings = {
				ASSETCATALOG_COMPILER_APPICON_NAME = AppIcon;
				ASSETCATALOG_COMPILER_GLOBAL_ACCENT_COLOR_NAME = AccentColor;
				CODE_SIGN_STYLE = Automatic;
				CURRENT_PROJECT_VERSION = 1;
				DEVELOPMENT_ASSET_PATHS = "\"Application_001/Preview Content\"";
				DEVELOPMENT_TEAM = SD5778T46Y;
				ENABLE_PREVIEWS = YES;
				GENERATE_INFOPLIST_FILE = YES;
				INFOPLIST_KEY_UIApplicationSceneManifest_Generation = YES;
				INFOPLIST_KEY_UIApplicationSupportsIndirectInputEvents = YES;
				INFOPLIST_KEY_UILaunchScreen_Generation = YES;
				INFOPLIST_KEY_UISupportedInterfaceOrientations_iPad = "UIInterfaceOrientationPortrait UIInterfaceOrientationPortraitUpsideDown UIInterfaceOrientationLandscapeLeft UIInterfaceOrientationLandscapeRight";
				INFOPLIST_KEY_UISupportedInterfaceOrientations_iPhone = "UIInterfaceOrientationPortrait UIInterfaceOrientationLandscapeLeft UIInterfaceOrientationLandscapeRight";
				LD_RUNPATH_SEARCH_PATHS = (
					"$(inherited)",
					"@executable_path/Frameworks",
				);
				MARKETING_VERSION = 1.0;
				PRODUCT_BUNDLE_IDENTIFIER = "GJ.Application-001";
				PRODUCT_NAME = "$(TARGET_NAME)";
				SWIFT_EMIT_LOC_STRINGS = YES;
				SWIFT_VERSION = 5.0;
				TARGETED_DEVICE_FAMILY = "1,2";
			};
			name = Debug;
		};
		1FF063992CF9AA8500E6986D /* Release */ = {
			isa = XCBuildConfiguration;
			buildSettings = {
				ASSETCATALOG_COMPILER_APPICON_NAME = AppIcon;
				ASSETCATALOG_COMPILER_GLOBAL_ACCENT_COLOR_NAME = AccentColor;
				CODE_SIGN_STYLE = Automatic;
				CURRENT_PROJECT_VERSION = 1;
				DEVELOPMENT_ASSET_PATHS = "\"Application_001/Preview Content\"";
				DEVELOPMENT_TEAM = SD5778T46Y;
				ENABLE_PREVIEWS = YES;
				GENERATE_INFOPLIST_FILE = YES;
				INFOPLIST_KEY_UIApplicationSceneManifest_Generation = YES;
				INFOPLIST_KEY_UIApplicationSupportsIndirectInputEvents = YES;
				INFOPLIST_KEY_UILaunchScreen_Generation = YES;
				INFOPLIST_KEY_UISupportedInterfaceOrientations_iPad = "UIInterfaceOrientationPortrait UIInterfaceOrientationPortraitUpsideDown UIInterfaceOrientationLandscapeLeft UIInterfaceOrientationLandscapeRight";
				INFOPLIST_KEY_UISupportedInterfaceOrientations_iPhone = "UIInterfaceOrientationPortrait UIInterfaceOrientationLandscapeLeft UIInterfaceOrientationLandscapeRight";
				LD_RUNPATH_SEARCH_PATHS = (
					"$(inherited)",
					"@executable_path/Frameworks",
				);
				MARKETING_VERSION = 1.0;
				PRODUCT_BUNDLE_IDENTIFIER = "GJ.Application-001";
				PRODUCT_NAME = "$(TARGET_NAME)";
				SWIFT_EMIT_LOC_STRINGS = YES;
				SWIFT_VERSION = 5.0;
				TARGETED_DEVICE_FAMILY = "1,2";
			};
			name = Release;
		};
		1FF0639B2CF9AA8500E6986D /* Debug */ = {
			isa = XCBuildConfiguration;
			buildSettings = {
				BUNDLE_LOADER = "$(TEST_HOST)";
				CODE_SIGN_STYLE = Automatic;
				CURRENT_PROJECT_VERSION = 1;
				DEVELOPMENT_TEAM = SD5778T46Y;
				GENERATE_INFOPLIST_FILE = YES;
				IPHONEOS_DEPLOYMENT_TARGET = 18.1;
				MARKETING_VERSION = 1.0;
				PRODUCT_BUNDLE_IDENTIFIER = "GJ.Application-001Tests";
				PRODUCT_NAME = "$(TARGET_NAME)";
				SWIFT_EMIT_LOC_STRINGS = NO;
				SWIFT_VERSION = 5.0;
				TARGETED_DEVICE_FAMILY = "1,2";
				TEST_HOST = "$(BUILT_PRODUCTS_DIR)/Application_001.app/$(BUNDLE_EXECUTABLE_FOLDER_PATH)/Application_001";
			};
			name = Debug;
		};
		1FF0639C2CF9AA8500E6986D /* Release */ = {
			isa = XCBuildConfiguration;
			buildSettings = {
				BUNDLE_LOADER = "$(TEST_HOST)";
				CODE_SIGN_STYLE = Automatic;
				CURRENT_PROJECT_VERSION = 1;
				DEVELOPMENT_TEAM = SD5778T46Y;
				GENERATE_INFOPLIST_FILE = YES;
				IPHONEOS_DEPLOYMENT_TARGET = 18.1;
				MARKETING_VERSION = 1.0;
				PRODUCT_BUNDLE_IDENTIFIER = "GJ.Application-001Tests";
				PRODUCT_NAME = "$(TARGET_NAME)";
				SWIFT_EMIT_LOC_STRINGS = NO;
				SWIFT_VERSION = 5.0;
				TARGETED_DEVICE_FAMILY = "1,2";
				TEST_HOST = "$(BUILT_PRODUCTS_DIR)/Application_001.app/$(BUNDLE_EXECUTABLE_FOLDER_PATH)/Application_001";
			};
			name = Release;
		};
		1FF0639E2CF9AA8500E6986D /* Debug */ = {
			isa = XCBuildConfiguration;
			buildSettings = {
				CODE_SIGN_STYLE = Automatic;
				CURRENT_PROJECT_VERSION = 1;
				DEVELOPMENT_TEAM = SD5778T46Y;
				GENERATE_INFOPLIST_FILE = YES;
				MARKETING_VERSION = 1.0;
				PRODUCT_BUNDLE_IDENTIFIER = "GJ.Application-001UITests";
				PRODUCT_NAME = "$(TARGET_NAME)";
				SWIFT_EMIT_LOC_STRINGS = NO;
				SWIFT_VERSION = 5.0;
				TARGETED_DEVICE_FAMILY = "1,2";
				TEST_TARGET_NAME = Application_001;
			};
			name = Debug;
		};
		1FF0639F2CF9AA8500E6986D /* Release */ = {
			isa = XCBuildConfiguration;
			buildSettings = {
				CODE_SIGN_STYLE = Automatic;
				CURRENT_PROJECT_VERSION = 1;
				DEVELOPMENT_TEAM = SD5778T46Y;
				GENERATE_INFOPLIST_FILE = YES;
				MARKETING_VERSION = 1.0;
				PRODUCT_BUNDLE_IDENTIFIER = "GJ.Application-001UITests";
				PRODUCT_NAME = "$(TARGET_NAME)";
				SWIFT_EMIT_LOC_STRINGS = NO;
				SWIFT_VERSION = 5.0;
				TARGETED_DEVICE_FAMILY = "1,2";
				TEST_TARGET_NAME = Application_001;
			};
			name = Release;
		};
/* End XCBuildConfiguration section */

/* Begin XCConfigurationList section */
		1FF0636E2CF9AA8300E6986D /* Build configuration list for PBXProject "Application_001" */ = {
			isa = XCConfigurationList;
			buildConfigurations = (
				1FF063952CF9AA8500E6986D /* Debug */,
				1FF063962CF9AA8500E6986D /* Release */,
			);
			defaultConfigurationIsVisible = 0;
			defaultConfigurationName = Release;
		};
		1FF063972CF9AA8500E6986D /* Build configuration list for PBXNativeTarget "Application_001" */ = {
			isa = XCConfigurationList;
			buildConfigurations = (
				1FF063982CF9AA8500E6986D /* Debug */,
				1FF063992CF9AA8500E6986D /* Release */,
			);
			defaultConfigurationIsVisible = 0;
			defaultConfigurationName = Release;
		};
		1FF0639A2CF9AA8500E6986D /* Build configuration list for PBXNativeTarget "Application_001Tests" */ = {
			isa = XCConfigurationList;
			buildConfigurations = (
				1FF0639B2CF9AA8500E6986D /* Debug */,
				1FF0639C2CF9AA8500E6986D /* Release */,
			);
			defaultConfigurationIsVisible = 0;
			defaultConfigurationName = Release;
		};
		1FF0639D2CF9AA8500E6986D /* Build configuration list for PBXNativeTarget "Application_001UITests" */ = {
			isa = XCConfigurationList;
			buildConfigurations = (
				1FF0639E2CF9AA8500E6986D /* Debug */,
				1FF0639F2CF9AA8500E6986D /* Release */,
			);
			defaultConfigurationIsVisible = 0;
			defaultConfigurationName = Release;
		};
/* End XCConfigurationList section */
	};
	rootObject = 1FF0636B2CF9AA8300E6986D /* Project object */;
}
